
Microsoft Visual Studio Solution File, Format Version 12.00
# Visual Studio 14
VisualStudioVersion = 14.0.25420.1
MinimumVisualStudioVersion = 10.0.40219.1
Project("{FAE04EC0-301F-11D3-BF4B-00C04F79EFBC}") = "SimpleHealthTracking", "SimpleHealthTracking\SimpleHealthTracking.csproj", "{13F4D54B-1DC2-4F65-BBCC-999366C0CEF6}"
EndProject
Project("{FAE04EC0-301F-11D3-BF4B-00C04F79EFBC}") = "SimpleHealthTracking.Tests", "SimpleHealthTracking.Tests\SimpleHealthTracking.Tests.csproj", "{26AFC567-8111-41D5-A8E6-AFADCDA49B42}"
EndProject
Project("{FAE04EC0-301F-11D3-BF4B-00C04F79EFBC}") = "SimpleHealthTracking.Repository", "SimpleHealthTracking.Repository\SimpleHealthTracking.Repository.csproj", "{AB220A0C-F12B-491B-BCEF-D2EB9F403CB7}"
EndProject
Project("{FAE04EC0-301F-11D3-BF4B-00C04F79EFBC}") = "SimpleHealthTracking.Web", "SimpleHealthTracking.Web\SimpleHealthTracking.Web.csproj", "{AA1F25B7-D513-41E5-B70F-FC846DDDF3D6}"
EndProject
Global
	GlobalSection(SolutionConfigurationPlatforms) = preSolution
		Debug|Any CPU = Debug|Any CPU
		Release|Any CPU = Release|Any CPU
	EndGlobalSection
	GlobalSection(ProjectConfigurationPlatforms) = postSolution
		{13F4D54B-1DC2-4F65-BBCC-999366C0CEF6}.Debug|Any CPU.ActiveCfg = Debug|Any CPU
		{13F4D54B-1DC2-4F65-BBCC-999366C0CEF6}.Debug|Any CPU.Build.0 = Debug|Any CPU
		{13F4D54B-1DC2-4F65-BBCC-999366C0CEF6}.Release|Any CPU.ActiveCfg = Release|Any CPU
		{13F4D54B-1DC2-4F65-BBCC-999366C0CEF6}.Release|Any CPU.Build.0 = Release|Any CPU
		{26AFC567-8111-41D5-A8E6-AFADCDA49B42}.Debug|Any CPU.ActiveCfg = Debug|Any CPU
		{26AFC567-8111-41D5-A8E6-AFADCDA49B42}.Debug|Any CPU.Build.0 = Debug|Any CPU
		{26AFC567-8111-41D5-A8E6-AFADCDA49B42}.Release|Any CPU.ActiveCfg = Release|Any CPU
		{26AFC567-8111-41D5-A8E6-AFADCDA49B42}.Release|Any CPU.Build.0 = Release|Any CPU
		{AB220A0C-F12B-491B-BCEF-D2EB9F403CB7}.Debug|Any CPU.ActiveCfg = Debug|Any CPU
		{AB220A0C-F12B-491B-BCEF-D2EB9F403CB7}.Debug|Any CPU.Build.0 = Debug|Any CPU
		{AB220A0C-F12B-491B-BCEF-D2EB9F403CB7}.Release|Any CPU.ActiveCfg = Release|Any CPU
		{AB220A0C-F12B-491B-BCEF-D2EB9F403CB7}.Release|Any CPU.Build.0 = Release|Any CPU
		{AA1F25B7-D513-41E5-B70F-FC846DDDF3D6}.Debug|Any CPU.ActiveCfg = Debug|Any CPU
		{AA1F25B7-D513-41E5-B70F-FC846DDDF3D6}.Debug|Any CPU.Build.0 = Debug|Any CPU
		{AA1F25B7-D513-41E5-B70F-FC846DDDF3D6}.Release|Any CPU.ActiveCfg = Release|Any CPU
		{AA1F25B7-D513-41E5-B70F-FC846DDDF3D6}.Release|Any CPU.Build.0 = Release|Any CPU
	EndGlobalSection
	GlobalSection(SolutionProperties) = preSolution
		HideSolutionNode = FALSE
	EndGlobalSection
EndGlobal
